
Microsoft Visual Studio Solution File, Format Version 12.00
# Visual Studio Version 16
VisualStudioVersion = 16.0.31112.23
MinimumVisualStudioVersion = 10.0.40219.1
Project("{9A19103F-16F7-4668-BE54-9A1E7A4F7556}") = "TestPractice", "TestPractice\TestPractice.csproj", "{3D0EB03E-F98E-476D-B451-64F727D8033C}"
EndProject
Project("{FAE04EC0-301F-11D3-BF4B-00C04F79EFBC}") = "Practice2", "Practice2\Practice2.csproj", "{1E810B5B-FD02-471E-9435-6E3D7C15F1F4}"
EndProject
Global
	GlobalSection(SolutionConfigurationPlatforms) = preSolution
		Debug|Any CPU = Debug|Any CPU
		Release|Any CPU = Release|Any CPU
	EndGlobalSection
	GlobalSection(ProjectConfigurationPlatforms) = postSolution
		{3D0EB03E-F98E-476D-B451-64F727D8033C}.Debug|Any CPU.ActiveCfg = Debug|Any CPU
		{3D0EB03E-F98E-476D-B451-64F727D8033C}.Debug|Any CPU.Build.0 = Debug|Any CPU
		{3D0EB03E-F98E-476D-B451-64F727D8033C}.Release|Any CPU.ActiveCfg = Release|Any CPU
		{3D0EB03E-F98E-476D-B451-64F727D8033C}.Release|Any CPU.Build.0 = Release|Any CPU
		{1E810B5B-FD02-471E-9435-6E3D7C15F1F4}.Debug|Any CPU.ActiveCfg = Debug|Any CPU
		{1E810B5B-FD02-471E-9435-6E3D7C15F1F4}.Debug|Any CPU.Build.0 = Debug|Any CPU
		{1E810B5B-FD02-471E-9435-6E3D7C15F1F4}.Release|Any CPU.ActiveCfg = Release|Any CPU
		{1E810B5B-FD02-471E-9435-6E3D7C15F1F4}.Release|Any CPU.Build.0 = Release|Any CPU
	EndGlobalSection
	GlobalSection(SolutionProperties) = preSolution
		HideSolutionNode = FALSE
	EndGlobalSection
	GlobalSection(ExtensibilityGlobals) = postSolution
		SolutionGuid = {42536377-1588-43B2-AD31-882F156111AD}
	EndGlobalSection
EndGlobal
